<?xml version="1.0" encoding="utf-8"?>
<Project ToolsVersion="4.0" xmlns="http://schemas.microsoft.com/developer/msbuild/2003">
  <ItemGroup>
    <Filter Include="rdrs_core">
      <UniqueIdentifier>{A80FB28C-A66F-3B47-A09E-66B1CE67ED17}</UniqueIdentifier>
    </Filter>
    <Filter Include="include">
      <UniqueIdentifier>{DFE5711B-200D-4F45-AC67-066C8638B6B4}</UniqueIdentifier>
    </Filter>
  </ItemGroup>
  <ItemGroup>
    <ClInclude Include="..\..\include\rdrs.h">
      <Filter>include</Filter>
    </ClInclude>
    <ClInclude Include="..\..\include\rdrs_internal.h">
      <Filter>include</Filter>
    </ClInclude>
    <ClInclude Include="..\..\include\rdrs_lookup.h">
      <Filter>include</Filter>
    </ClInclude>
  </ItemGroup>
  <ItemGroup>
    <ClCompile Include="..\..\source\rdrs_core\rdrs_antenna.c">
      <Filter>rdrs_core</Filter>
    </ClCompile>
    <ClCompile Include="..\..\source\rdrs_core\rdrs_lookup.c">
      <Filter>rdrs_core</Filter>
    </ClCompile>
    <ClCompile Include="..\..\source\rdrs_core\rdrs_physics.c">
      <Filter>rdrs_core</Filter>
    </ClCompile>
    <ClCompile Include="..\..\source\rdrs_core\rdrs_system.c">
      <Filter>rdrs_core</Filter>
    </ClCompile>
  </ItemGroup>
</Project>
