
Microsoft Visual Studio Solution File, Format Version 11.00
# Visual Studio 2010
Project("{8BC9CEB8-8B4A-11D0-8D11-00A0C91BC942}") = "simc", "simc.vcxproj", "{60334562-FE04-C240-8781-6D396D2922CF}"
EndProject
Project("{8BC9CEB8-8B4A-11D0-8D11-00A0C91BC942}") = "rdrs", "rdrs.vcxproj", "{FC41EEE3-8AF4-7F4B-9478-0732EB69E70E}"
	ProjectSection(ProjectDependencies) = postProject
		{60334562-FE04-C240-8781-6D396D2922CF} = {60334562-FE04-C240-8781-6D396D2922CF}
	EndProjectSection
EndProject
Project("{8BC9CEB8-8B4A-11D0-8D11-00A0C91BC942}") = "rdrs_test", "rdrs_test.vcxproj", "{F72A4EAC-7718-1B4B-A5A7-997765B09F0A}"
	ProjectSection(ProjectDependencies) = postProject
		{FC41EEE3-8AF4-7F4B-9478-0732EB69E70E} = {FC41EEE3-8AF4-7F4B-9478-0732EB69E70E}
	EndProjectSection
EndProject
Global
	GlobalSection(SolutionConfigurationPlatforms) = preSolution
		Debug|Win32 = Debug|Win32
		Debug|x64 = Debug|x64
		Release|Win32 = Release|Win32
		Release|x64 = Release|x64
		DebugDynamic|Win32 = DebugDynamic|Win32
		DebugDynamic|x64 = DebugDynamic|x64
		ReleaseDynamic|Win32 = ReleaseDynamic|Win32
		ReleaseDynamic|x64 = ReleaseDynamic|x64
		DebugSingleThread|Win32 = DebugSingleThread|Win32
		DebugSingleThread|x64 = DebugSingleThread|x64
		ReleaseSingleThread|Win32 = ReleaseSingleThread|Win32
		ReleaseSingleThread|x64 = ReleaseSingleThread|x64
		DebugSingleThreadDynamic|Win32 = DebugSingleThreadDynamic|Win32
		DebugSingleThreadDynamic|x64 = DebugSingleThreadDynamic|x64
		ReleaseSingleThreadDynamic|Win32 = ReleaseSingleThreadDynamic|Win32
		ReleaseSingleThreadDynamic|x64 = ReleaseSingleThreadDynamic|x64
	EndGlobalSection
	GlobalSection(ProjectConfigurationPlatforms) = postSolution
		{60334562-FE04-C240-8781-6D396D2922CF}.Debug|Win32.ActiveCfg = Debug|Win32
		{60334562-FE04-C240-8781-6D396D2922CF}.Debug|Win32.Build.0 = Debug|Win32
		{60334562-FE04-C240-8781-6D396D2922CF}.Debug|x64.ActiveCfg = Debug|x64
		{60334562-FE04-C240-8781-6D396D2922CF}.Debug|x64.Build.0 = Debug|x64
		{60334562-FE04-C240-8781-6D396D2922CF}.Release|Win32.ActiveCfg = Release|Win32
		{60334562-FE04-C240-8781-6D396D2922CF}.Release|Win32.Build.0 = Release|Win32
		{60334562-FE04-C240-8781-6D396D2922CF}.Release|x64.ActiveCfg = Release|x64
		{60334562-FE04-C240-8781-6D396D2922CF}.Release|x64.Build.0 = Release|x64
		{60334562-FE04-C240-8781-6D396D2922CF}.DebugDynamic|Win32.ActiveCfg = DebugDynamic|Win32
		{60334562-FE04-C240-8781-6D396D2922CF}.DebugDynamic|Win32.Build.0 = DebugDynamic|Win32
		{60334562-FE04-C240-8781-6D396D2922CF}.DebugDynamic|x64.ActiveCfg = DebugDynamic|x64
		{60334562-FE04-C240-8781-6D396D2922CF}.DebugDynamic|x64.Build.0 = DebugDynamic|x64
		{60334562-FE04-C240-8781-6D396D2922CF}.ReleaseDynamic|Win32.ActiveCfg = ReleaseDynamic|Win32
		{60334562-FE04-C240-8781-6D396D2922CF}.ReleaseDynamic|Win32.Build.0 = ReleaseDynamic|Win32
		{60334562-FE04-C240-8781-6D396D2922CF}.ReleaseDynamic|x64.ActiveCfg = ReleaseDynamic|x64
		{60334562-FE04-C240-8781-6D396D2922CF}.ReleaseDynamic|x64.Build.0 = ReleaseDynamic|x64
		{60334562-FE04-C240-8781-6D396D2922CF}.DebugSingleThread|Win32.ActiveCfg = DebugSingleThread|Win32
		{60334562-FE04-C240-8781-6D396D2922CF}.DebugSingleThread|Win32.Build.0 = DebugSingleThread|Win32
		{60334562-FE04-C240-8781-6D396D2922CF}.DebugSingleThread|x64.ActiveCfg = DebugSingleThread|x64
		{60334562-FE04-C240-8781-6D396D2922CF}.DebugSingleThread|x64.Build.0 = DebugSingleThread|x64
		{60334562-FE04-C240-8781-6D396D2922CF}.ReleaseSingleThread|Win32.ActiveCfg = ReleaseSingleThread|Win32
		{60334562-FE04-C240-8781-6D396D2922CF}.ReleaseSingleThread|Win32.Build.0 = ReleaseSingleThread|Win32
		{60334562-FE04-C240-8781-6D396D2922CF}.ReleaseSingleThread|x64.ActiveCfg = ReleaseSingleThread|x64
		{60334562-FE04-C240-8781-6D396D2922CF}.ReleaseSingleThread|x64.Build.0 = ReleaseSingleThread|x64
		{60334562-FE04-C240-8781-6D396D2922CF}.DebugSingleThreadDynamic|Win32.ActiveCfg = DebugSingleThreadDynamic|Win32
		{60334562-FE04-C240-8781-6D396D2922CF}.DebugSingleThreadDynamic|Win32.Build.0 = DebugSingleThreadDynamic|Win32
		{60334562-FE04-C240-8781-6D396D2922CF}.DebugSingleThreadDynamic|x64.ActiveCfg = DebugSingleThreadDynamic|x64
		{60334562-FE04-C240-8781-6D396D2922CF}.DebugSingleThreadDynamic|x64.Build.0 = DebugSingleThreadDynamic|x64
		{60334562-FE04-C240-8781-6D396D2922CF}.ReleaseSingleThreadDynamic|Win32.ActiveCfg = ReleaseSingleThreadDynamic|Win32
		{60334562-FE04-C240-8781-6D396D2922CF}.ReleaseSingleThreadDynamic|Win32.Build.0 = ReleaseSingleThreadDynamic|Win32
		{60334562-FE04-C240-8781-6D396D2922CF}.ReleaseSingleThreadDynamic|x64.ActiveCfg = ReleaseSingleThreadDynamic|x64
		{60334562-FE04-C240-8781-6D396D2922CF}.ReleaseSingleThreadDynamic|x64.Build.0 = ReleaseSingleThreadDynamic|x64
		{FC41EEE3-8AF4-7F4B-9478-0732EB69E70E}.Debug|Win32.ActiveCfg = Debug|Win32
		{FC41EEE3-8AF4-7F4B-9478-0732EB69E70E}.Debug|Win32.Build.0 = Debug|Win32
		{FC41EEE3-8AF4-7F4B-9478-0732EB69E70E}.Debug|x64.ActiveCfg = Debug|x64
		{FC41EEE3-8AF4-7F4B-9478-0732EB69E70E}.Debug|x64.Build.0 = Debug|x64
		{FC41EEE3-8AF4-7F4B-9478-0732EB69E70E}.Release|Win32.ActiveCfg = Release|Win32
		{FC41EEE3-8AF4-7F4B-9478-0732EB69E70E}.Release|Win32.Build.0 = Release|Win32
		{FC41EEE3-8AF4-7F4B-9478-0732EB69E70E}.Release|x64.ActiveCfg = Release|x64
		{FC41EEE3-8AF4-7F4B-9478-0732EB69E70E}.Release|x64.Build.0 = Release|x64
		{FC41EEE3-8AF4-7F4B-9478-0732EB69E70E}.DebugDynamic|Win32.ActiveCfg = DebugDynamic|Win32
		{FC41EEE3-8AF4-7F4B-9478-0732EB69E70E}.DebugDynamic|Win32.Build.0 = DebugDynamic|Win32
		{FC41EEE3-8AF4-7F4B-9478-0732EB69E70E}.DebugDynamic|x64.ActiveCfg = DebugDynamic|x64
		{FC41EEE3-8AF4-7F4B-9478-0732EB69E70E}.DebugDynamic|x64.Build.0 = DebugDynamic|x64
		{FC41EEE3-8AF4-7F4B-9478-0732EB69E70E}.ReleaseDynamic|Win32.ActiveCfg = ReleaseDynamic|Win32
		{FC41EEE3-8AF4-7F4B-9478-0732EB69E70E}.ReleaseDynamic|Win32.Build.0 = ReleaseDynamic|Win32
		{FC41EEE3-8AF4-7F4B-9478-0732EB69E70E}.ReleaseDynamic|x64.ActiveCfg = ReleaseDynamic|x64
		{FC41EEE3-8AF4-7F4B-9478-0732EB69E70E}.ReleaseDynamic|x64.Build.0 = ReleaseDynamic|x64
		{FC41EEE3-8AF4-7F4B-9478-0732EB69E70E}.DebugSingleThread|Win32.ActiveCfg = DebugSingleThread|Win32
		{FC41EEE3-8AF4-7F4B-9478-0732EB69E70E}.DebugSingleThread|Win32.Build.0 = DebugSingleThread|Win32
		{FC41EEE3-8AF4-7F4B-9478-0732EB69E70E}.DebugSingleThread|x64.ActiveCfg = DebugSingleThread|x64
		{FC41EEE3-8AF4-7F4B-9478-0732EB69E70E}.DebugSingleThread|x64.Build.0 = DebugSingleThread|x64
		{FC41EEE3-8AF4-7F4B-9478-0732EB69E70E}.ReleaseSingleThread|Win32.ActiveCfg = ReleaseSingleThread|Win32
		{FC41EEE3-8AF4-7F4B-9478-0732EB69E70E}.ReleaseSingleThread|Win32.Build.0 = ReleaseSingleThread|Win32
		{FC41EEE3-8AF4-7F4B-9478-0732EB69E70E}.ReleaseSingleThread|x64.ActiveCfg = ReleaseSingleThread|x64
		{FC41EEE3-8AF4-7F4B-9478-0732EB69E70E}.ReleaseSingleThread|x64.Build.0 = ReleaseSingleThread|x64
		{FC41EEE3-8AF4-7F4B-9478-0732EB69E70E}.DebugSingleThreadDynamic|Win32.ActiveCfg = DebugSingleThreadDynamic|Win32
		{FC41EEE3-8AF4-7F4B-9478-0732EB69E70E}.DebugSingleThreadDynamic|Win32.Build.0 = DebugSingleThreadDynamic|Win32
		{FC41EEE3-8AF4-7F4B-9478-0732EB69E70E}.DebugSingleThreadDynamic|x64.ActiveCfg = DebugSingleThreadDynamic|x64
		{FC41EEE3-8AF4-7F4B-9478-0732EB69E70E}.DebugSingleThreadDynamic|x64.Build.0 = DebugSingleThreadDynamic|x64
		{FC41EEE3-8AF4-7F4B-9478-0732EB69E70E}.ReleaseSingleThreadDynamic|Win32.ActiveCfg = ReleaseSingleThreadDynamic|Win32
		{FC41EEE3-8AF4-7F4B-9478-0732EB69E70E}.ReleaseSingleThreadDynamic|Win32.Build.0 = ReleaseSingleThreadDynamic|Win32
		{FC41EEE3-8AF4-7F4B-9478-0732EB69E70E}.ReleaseSingleThreadDynamic|x64.ActiveCfg = ReleaseSingleThreadDynamic|x64
		{FC41EEE3-8AF4-7F4B-9478-0732EB69E70E}.ReleaseSingleThreadDynamic|x64.Build.0 = ReleaseSingleThreadDynamic|x64
		{F72A4EAC-7718-1B4B-A5A7-997765B09F0A}.Debug|Win32.ActiveCfg = Debug|Win32
		{F72A4EAC-7718-1B4B-A5A7-997765B09F0A}.Debug|Win32.Build.0 = Debug|Win32
		{F72A4EAC-7718-1B4B-A5A7-997765B09F0A}.Debug|x64.ActiveCfg = Debug|x64
		{F72A4EAC-7718-1B4B-A5A7-997765B09F0A}.Debug|x64.Build.0 = Debug|x64
		{F72A4EAC-7718-1B4B-A5A7-997765B09F0A}.Release|Win32.ActiveCfg = Release|Win32
		{F72A4EAC-7718-1B4B-A5A7-997765B09F0A}.Release|Win32.Build.0 = Release|Win32
		{F72A4EAC-7718-1B4B-A5A7-997765B09F0A}.Release|x64.ActiveCfg = Release|x64
		{F72A4EAC-7718-1B4B-A5A7-997765B09F0A}.Release|x64.Build.0 = Release|x64
		{F72A4EAC-7718-1B4B-A5A7-997765B09F0A}.DebugDynamic|Win32.ActiveCfg = DebugDynamic|Win32
		{F72A4EAC-7718-1B4B-A5A7-997765B09F0A}.DebugDynamic|Win32.Build.0 = DebugDynamic|Win32
		{F72A4EAC-7718-1B4B-A5A7-997765B09F0A}.DebugDynamic|x64.ActiveCfg = DebugDynamic|x64
		{F72A4EAC-7718-1B4B-A5A7-997765B09F0A}.DebugDynamic|x64.Build.0 = DebugDynamic|x64
		{F72A4EAC-7718-1B4B-A5A7-997765B09F0A}.ReleaseDynamic|Win32.ActiveCfg = ReleaseDynamic|Win32
		{F72A4EAC-7718-1B4B-A5A7-997765B09F0A}.ReleaseDynamic|Win32.Build.0 = ReleaseDynamic|Win32
		{F72A4EAC-7718-1B4B-A5A7-997765B09F0A}.ReleaseDynamic|x64.ActiveCfg = ReleaseDynamic|x64
		{F72A4EAC-7718-1B4B-A5A7-997765B09F0A}.ReleaseDynamic|x64.Build.0 = ReleaseDynamic|x64
		{F72A4EAC-7718-1B4B-A5A7-997765B09F0A}.DebugSingleThread|Win32.ActiveCfg = DebugSingleThread|Win32
		{F72A4EAC-7718-1B4B-A5A7-997765B09F0A}.DebugSingleThread|Win32.Build.0 = DebugSingleThread|Win32
		{F72A4EAC-7718-1B4B-A5A7-997765B09F0A}.DebugSingleThread|x64.ActiveCfg = DebugSingleThread|x64
		{F72A4EAC-7718-1B4B-A5A7-997765B09F0A}.DebugSingleThread|x64.Build.0 = DebugSingleThread|x64
		{F72A4EAC-7718-1B4B-A5A7-997765B09F0A}.ReleaseSingleThread|Win32.ActiveCfg = ReleaseSingleThread|Win32
		{F72A4EAC-7718-1B4B-A5A7-997765B09F0A}.ReleaseSingleThread|Win32.Build.0 = ReleaseSingleThread|Win32
		{F72A4EAC-7718-1B4B-A5A7-997765B09F0A}.ReleaseSingleThread|x64.ActiveCfg = ReleaseSingleThread|x64
		{F72A4EAC-7718-1B4B-A5A7-997765B09F0A}.ReleaseSingleThread|x64.Build.0 = ReleaseSingleThread|x64
		{F72A4EAC-7718-1B4B-A5A7-997765B09F0A}.DebugSingleThreadDynamic|Win32.ActiveCfg = DebugSingleThreadDynamic|Win32
		{F72A4EAC-7718-1B4B-A5A7-997765B09F0A}.DebugSingleThreadDynamic|Win32.Build.0 = DebugSingleThreadDynamic|Win32
		{F72A4EAC-7718-1B4B-A5A7-997765B09F0A}.DebugSingleThreadDynamic|x64.ActiveCfg = DebugSingleThreadDynamic|x64
		{F72A4EAC-7718-1B4B-A5A7-997765B09F0A}.DebugSingleThreadDynamic|x64.Build.0 = DebugSingleThreadDynamic|x64
		{F72A4EAC-7718-1B4B-A5A7-997765B09F0A}.ReleaseSingleThreadDynamic|Win32.ActiveCfg = ReleaseSingleThreadDynamic|Win32
		{F72A4EAC-7718-1B4B-A5A7-997765B09F0A}.ReleaseSingleThreadDynamic|Win32.Build.0 = ReleaseSingleThreadDynamic|Win32
		{F72A4EAC-7718-1B4B-A5A7-997765B09F0A}.ReleaseSingleThreadDynamic|x64.ActiveCfg = ReleaseSingleThreadDynamic|x64
		{F72A4EAC-7718-1B4B-A5A7-997765B09F0A}.ReleaseSingleThreadDynamic|x64.Build.0 = ReleaseSingleThreadDynamic|x64
	EndGlobalSection
	GlobalSection(SolutionProperties) = preSolution
		HideSolutionNode = FALSE
	EndGlobalSection
EndGlobal
